
Microsoft Visual Studio Solution File, Format Version 12.00
# Visual Studio Version 17
VisualStudioVersion = 17.8.34330.188
MinimumVisualStudioVersion = 10.0.40219.1
Project("{FAE04EC0-301F-11D3-BF4B-00C04F79EFBC}") = "EasyBill", "EasyBill.csproj", "{A017DA89-F1DB-415B-B7F4-EC3BA42DC623}"
EndProject
Global
	GlobalSection(SolutionConfigurationPlatforms) = preSolution
		Debug|Any CPU = Debug|Any CPU
		Release|Any CPU = Release|Any CPU
	EndGlobalSection
	GlobalSection(ProjectConfigurationPlatforms) = postSolution
		{A017DA89-F1DB-415B-B7F4-EC3BA42DC623}.Debug|Any CPU.ActiveCfg = Debug|Any CPU
		{A017DA89-F1DB-415B-B7F4-EC3BA42DC623}.Debug|Any CPU.Build.0 = Debug|Any CPU
		{A017DA89-F1DB-415B-B7F4-EC3BA42DC623}.Release|Any CPU.ActiveCfg = Release|Any CPU
		{A017DA89-F1DB-415B-B7F4-EC3BA42DC623}.Release|Any CPU.Build.0 = Release|Any CPU
	EndGlobalSection
	GlobalSection(SolutionProperties) = preSolution
		HideSolutionNode = FALSE
	EndGlobalSection
	GlobalSection(ExtensibilityGlobals) = postSolution
		SolutionGuid = {299FAE53-8069-4A8B-B441-75705AAABB77}
	EndGlobalSection
EndGlobal
